// !$*UTF8*$!
{
	archiveVersion = 1;
	classes = {
	};
	objectVersion = 50;
	objects = {

/* Begin PBXBuildFile section */
		C536271A24ACBDC000CE7965 /* FilterViewController.swift in Sources */ = {isa = PBXBuildFile; fileRef = C536271924ACBDC000CE7965 /* FilterViewController.swift */; };
		C54CB26224AB16F500A103D6 /* AppDelegate.swift in Sources */ = {isa = PBXBuildFile; fileRef = C54CB26124AB16F500A103D6 /* AppDelegate.swift */; };
		C54CB26424AB16F500A103D6 /* SceneDelegate.swift in Sources */ = {isa = PBXBuildFile; fileRef = C54CB26324AB16F500A103D6 /* SceneDelegate.swift */; };
		C54CB26624AB16F500A103D6 /* ViewController.swift in Sources */ = {isa = PBXBuildFile; fileRef = C54CB26524AB16F500A103D6 /* ViewController.swift */; };
		C54CB26924AB16F500A103D6 /* Main.storyboard in Resources */ = {isa = PBXBuildFile; fileRef = C54CB26724AB16F500A103D6 /* Main.storyboard */; };
		C54CB26B24AB16F600A103D6 /* Assets.xcassets in Resources */ = {isa = PBXBuildFile; fileRef = C54CB26A24AB16F600A103D6 /* Assets.xcassets */; };
		C54CB26E24AB16F600A103D6 /* LaunchScreen.storyboard in Resources */ = {isa = PBXBuildFile; fileRef = C54CB26C24AB16F600A103D6 /* LaunchScreen.storyboard */; };
		C54CB27624AB262E00A103D6 /* CustomTableViewCell.swift in Sources */ = {isa = PBXBuildFile; fileRef = C54CB27524AB262E00A103D6 /* CustomTableViewCell.swift */; };
		C54CB27824AB27CF00A103D6 /* DataBaseService.swift in Sources */ = {isa = PBXBuildFile; fileRef = C54CB27724AB27CF00A103D6 /* DataBaseService.swift */; };
		C54CB27A24AB6CAF00A103D6 /* DataModel.swift in Sources */ = {isa = PBXBuildFile; fileRef = C54CB27924AB6CAF00A103D6 /* DataModel.swift */; };
		C5AE833024AB815300679741 /* Category.swift in Sources */ = {isa = PBXBuildFile; fileRef = C5AE832F24AB815300679741 /* Category.swift */; };
/* End PBXBuildFile section */

/* Begin PBXFileReference section */
		C536271924ACBDC000CE7965 /* FilterViewController.swift */ = {isa = PBXFileReference; lastKnownFileType = sourcecode.swift; path = FilterViewController.swift; sourceTree = "<group>"; };
		C54CB25E24AB16F500A103D6 /* Cocktail_test_project.app */ = {isa = PBXFileReference; explicitFileType = wrapper.application; includeInIndex = 0; path = Cocktail_test_project.app; sourceTree = BUILT_PRODUCTS_DIR; };
		C54CB26124AB16F500A103D6 /* AppDelegate.swift */ = {isa = PBXFileReference; lastKnownFileType = sourcecode.swift; path = AppDelegate.swift; sourceTree = "<group>"; };
		C54CB26324AB16F500A103D6 /* SceneDelegate.swift */ = {isa = PBXFileReference; lastKnownFileType = sourcecode.swift; path = SceneDelegate.swift; sourceTree = "<group>"; };
		C54CB26524AB16F500A103D6 /* ViewController.swift */ = {isa = PBXFileReference; lastKnownFileType = sourcecode.swift; path = ViewController.swift; sourceTree = "<group>"; };
		C54CB26824AB16F500A103D6 /* Base */ = {isa = PBXFileReference; lastKnownFileType = file.storyboard; name = Base; path = Base.lproj/Main.storyboard; sourceTree = "<group>"; };
		C54CB26A24AB16F600A103D6 /* Assets.xcassets */ = {isa = PBXFileReference; lastKnownFileType = folder.assetcatalog; path = Assets.xcassets; sourceTree = "<group>"; };
		C54CB26D24AB16F600A103D6 /* Base */ = {isa = PBXFileReference; lastKnownFileType = file.storyboard; name = Base; path = Base.lproj/LaunchScreen.storyboard; sourceTree = "<group>"; };
		C54CB26F24AB16F600A103D6 /* Info.plist */ = {isa = PBXFileReference; lastKnownFileType = text.plist.xml; path = Info.plist; sourceTree = "<group>"; };
		C54CB27524AB262E00A103D6 /* CustomTableViewCell.swift */ = {isa = PBXFileReference; lastKnownFileType = sourcecode.swift; path = CustomTableViewCell.swift; sourceTree = "<group>"; };
		C54CB27724AB27CF00A103D6 /* DataBaseService.swift */ = {isa = PBXFileReference; lastKnownFileType = sourcecode.swift; path = DataBaseService.swift; sourceTree = "<group>"; };
		C54CB27924AB6CAF00A103D6 /* DataModel.swift */ = {isa = PBXFileReference; lastKnownFileType = sourcecode.swift; path = DataModel.swift; sourceTree = "<group>"; };
		C5AE832F24AB815300679741 /* Category.swift */ = {isa = PBXFileReference; lastKnownFileType = sourcecode.swift; path = Category.swift; sourceTree = "<group>"; };
/* End PBXFileReference section */

/* Begin PBXFrameworksBuildPhase section */
		C54CB25B24AB16F500A103D6 /* Frameworks */ = {
			isa = PBXFrameworksBuildPhase;
			buildActionMask = 2147483647;
			files = (
			);
			runOnlyForDeploymentPostprocessing = 0;
		};
/* End PBXFrameworksBuildPhase section */

/* Begin PBXGroup section */
		C536270D24AC6B3500CE7965 /* Controllers */ = {
			isa = PBXGroup;
			children = (
				C54CB26524AB16F500A103D6 /* ViewController.swift */,
				C536271924ACBDC000CE7965 /* FilterViewController.swift */,
			);
			path = Controllers;
			sourceTree = "<group>";
		};
		C536270E24AC6B4F00CE7965 /* Model */ = {
			isa = PBXGroup;
			children = (
				C54CB27924AB6CAF00A103D6 /* DataModel.swift */,
				C5AE832F24AB815300679741 /* Category.swift */,
			);
			path = Model;
			sourceTree = "<group>";
		};
		C536270F24AC6BB000CE7965 /* Delegate */ = {
			isa = PBXGroup;
			children = (
				C54CB26324AB16F500A103D6 /* SceneDelegate.swift */,
				C54CB26124AB16F500A103D6 /* AppDelegate.swift */,
			);
			path = Delegate;
			sourceTree = "<group>";
		};
		C536271024AC6C0F00CE7965 /* Storyboards */ = {
			isa = PBXGroup;
			children = (
				C54CB26C24AB16F600A103D6 /* LaunchScreen.storyboard */,
				C54CB26724AB16F500A103D6 /* Main.storyboard */,
			);
			path = Storyboards;
			sourceTree = "<group>";
		};
		C54CB25524AB16F400A103D6 = {
			isa = PBXGroup;
			children = (
				C54CB26024AB16F500A103D6 /* Cocktail_test_project */,
				C54CB25F24AB16F500A103D6 /* Products */,
			);
			sourceTree = "<group>";
		};
		C54CB25F24AB16F500A103D6 /* Products */ = {
			isa = PBXGroup;
			children = (
				C54CB25E24AB16F500A103D6 /* Cocktail_test_project.app */,
			);
			name = Products;
			sourceTree = "<group>";
		};
		C54CB26024AB16F500A103D6 /* Cocktail_test_project */ = {
			isa = PBXGroup;
			children = (
				C536270F24AC6BB000CE7965 /* Delegate */,
				C54CB27524AB262E00A103D6 /* CustomTableViewCell.swift */,
				C536270E24AC6B4F00CE7965 /* Model */,
				C536270D24AC6B3500CE7965 /* Controllers */,
				C536271024AC6C0F00CE7965 /* Storyboards */,
				C54CB27724AB27CF00A103D6 /* DataBaseService.swift */,
				C54CB26A24AB16F600A103D6 /* Assets.xcassets */,
				C54CB26F24AB16F600A103D6 /* Info.plist */,
			);
			path = Cocktail_test_project;
			sourceTree = "<group>";
		};
/* End PBXGroup section */

/* Begin PBXNativeTarget section */
		C54CB25D24AB16F500A103D6 /* Cocktail_test_project */ = {
			isa = PBXNativeTarget;
			buildConfigurationList = C54CB27224AB16F600A103D6 /* Build configuration list for PBXNativeTarget "Cocktail_test_project" */;
			buildPhases = (
				C54CB25A24AB16F500A103D6 /* Sources */,
				C54CB25B24AB16F500A103D6 /* Frameworks */,
				C54CB25C24AB16F500A103D6 /* Resources */,
			);
			buildRules = (
			);
			dependencies = (
			);
			name = Cocktail_test_project;
			productName = Cocktail_test_project;
			productReference = C54CB25E24AB16F500A103D6 /* Cocktail_test_project.app */;
			productType = "com.apple.product-type.application";
		};
/* End PBXNativeTarget section */

/* Begin PBXProject section */
		C54CB25624AB16F400A103D6 /* Project object */ = {
			isa = PBXProject;
			attributes = {
				LastSwiftUpdateCheck = 1150;
				LastUpgradeCheck = 1150;
				ORGANIZATIONNAME = "Максим Котилевский";
				TargetAttributes = {
					C54CB25D24AB16F500A103D6 = {
						CreatedOnToolsVersion = 11.5;
					};
				};
			};
			buildConfigurationList = C54CB25924AB16F400A103D6 /* Build configuration list for PBXProject "Cocktail_test_project" */;
			compatibilityVersion = "Xcode 9.3";
			developmentRegion = en;
			hasScannedForEncodings = 0;
			knownRegions = (
				en,
				Base,
			);
			mainGroup = C54CB25524AB16F400A103D6;
			productRefGroup = C54CB25F24AB16F500A103D6 /* Products */;
			projectDirPath = "";
			projectRoot = "";
			targets = (
				C54CB25D24AB16F500A103D6 /* Cocktail_test_project */,
			);
		};
/* End PBXProject section */

/* Begin PBXResourcesBuildPhase section */
		C54CB25C24AB16F500A103D6 /* Resources */ = {
			isa = PBXResourcesBuildPhase;
			buildActionMask = 2147483647;
			files = (
				C54CB26E24AB16F600A103D6 /* LaunchScreen.storyboard in Resources */,
				C54CB26B24AB16F600A103D6 /* Assets.xcassets in Resources */,
				C54CB26924AB16F500A103D6 /* Main.storyboard in Resources */,
			);
			runOnlyForDeploymentPostprocessing = 0;
		};
/* End PBXResourcesBuildPhase section */

/* Begin PBXSourcesBuildPhase section */
		C54CB25A24AB16F500A103D6 /* Sources */ = {
			isa = PBXSourcesBuildPhase;
			buildActionMask = 2147483647;
			files = (
				C54CB26624AB16F500A103D6 /* ViewController.swift in Sources */,
				C54CB26224AB16F500A103D6 /* AppDelegate.swift in Sources */,
				C54CB27624AB262E00A103D6 /* CustomTableViewCell.swift in Sources */,
				C536271A24ACBDC000CE7965 /* FilterViewController.swift in Sources */,
				C54CB27824AB27CF00A103D6 /* DataBaseService.swift in Sources */,
				C54CB26424AB16F500A103D6 /* SceneDelegate.swift in Sources */,
				C54CB27A24AB6CAF00A103D6 /* DataModel.swift in Sources */,
				C5AE833024AB815300679741 /* Category.swift in Sources */,
			);
			runOnlyForDeploymentPostprocessing = 0;
		};
/* End PBXSourcesBuildPhase section */

/* Begin PBXVariantGroup section */
		C54CB26724AB16F500A103D6 /* Main.storyboard */ = {
			isa = PBXVariantGroup;
			children = (
				C54CB26824AB16F500A103D6 /* Base */,
			);
			name = Main.storyboard;
			sourceTree = "<group>";
		};
		C54CB26C24AB16F600A103D6 /* LaunchScreen.storyboard */ = {
			isa = PBXVariantGroup;
			children = (
				C54CB26D24AB16F600A103D6 /* Base */,
			);
			name = LaunchScreen.storyboard;
			sourceTree = "<group>";
		};
/* End PBXVariantGroup section */

/* Begin XCBuildConfiguration section */
		C54CB27024AB16F600A103D6 /* Debug */ = {
			isa = XCBuildConfiguration;
			buildSettings = {
				ALWAYS_SEARCH_USER_PATHS = NO;
				CLANG_ANALYZER_NONNULL = YES;
				CLANG_ANALYZER_NUMBER_OBJECT_CONVERSION = YES_AGGRESSIVE;
				CLANG_CXX_LANGUAGE_STANDARD = "gnu++14";
				CLANG_CXX_LIBRARY = "libc++";
				CLANG_ENABLE_MODULES = YES;
				CLANG_ENABLE_OBJC_ARC = YES;
				CLANG_ENABLE_OBJC_WEAK = YES;
				CLANG_WARN_BLOCK_CAPTURE_AUTORELEASING = YES;
				CLANG_WARN_BOOL_CONVERSION = YES;
				CLANG_WARN_COMMA = YES;
				CLANG_WARN_CONSTANT_CONVERSION = YES;
				CLANG_WARN_DEPRECATED_OBJC_IMPLEMENTATIONS = YES;
				CLANG_WARN_DIRECT_OBJC_ISA_USAGE = YES_ERROR;
				CLANG_WARN_DOCUMENTATION_COMMENTS = YES;
				CLANG_WARN_EMPTY_BODY = YES;
				CLANG_WARN_ENUM_CONVERSION = YES;
				CLANG_WARN_INFINITE_RECURSION = YES;
				CLANG_WARN_INT_CONVERSION = YES;
				CLANG_WARN_NON_LITERAL_NULL_CONVERSION = YES;
				CLANG_WARN_OBJC_IMPLICIT_RETAIN_SELF = YES;
				CLANG_WARN_OBJC_LITERAL_CONVERSION = YES;
				CLANG_WARN_OBJC_ROOT_CLASS = YES_ERROR;
				CLANG_WARN_RANGE_LOOP_ANALYSIS = YES;
				CLANG_WARN_STRICT_PROTOTYPES = YES;
				CLANG_WARN_SUSPICIOUS_MOVE = YES;
				CLANG_WARN_UNGUARDED_AVAILABILITY = YES_AGGRESSIVE;
				CLANG_WARN_UNREACHABLE_CODE = YES;
				CLANG_WARN__DUPLICATE_METHOD_MATCH = YES;
				COPY_PHASE_STRIP = NO;
				DEBUG_INFORMATION_FORMAT = dwarf;
				ENABLE_STRICT_OBJC_MSGSEND = YES;
				ENABLE_TESTABILITY = YES;
				GCC_C_LANGUAGE_STANDARD = gnu11;
				GCC_DYNAMIC_NO_PIC = NO;
				GCC_NO_COMMON_BLOCKS = YES;
				GCC_OPTIMIZATION_LEVEL = 0;
				GCC_PREPROCESSOR_DEFINITIONS = (
					"DEBUG=1",
					"$(inherited)",
				);
				GCC_WARN_64_TO_32_BIT_CONVERSION = YES;
				GCC_WARN_ABOUT_RETURN_TYPE = YES_ERROR;
				GCC_WARN_UNDECLARED_SELECTOR = YES;
				GCC_WARN_UNINITIALIZED_AUTOS = YES_AGGRESSIVE;
				GCC_WARN_UNUSED_FUNCTION = YES;
				GCC_WARN_UNUSED_VARIABLE = YES;
				IPHONEOS_DEPLOYMENT_TARGET = 13.5;
				MTL_ENABLE_DEBUG_INFO = INCLUDE_SOURCE;
				MTL_FAST_MATH = YES;
				ONLY_ACTIVE_ARCH = YES;
				SDKROOT = iphoneos;
				SWIFT_ACTIVE_COMPILATION_CONDITIONS = DEBUG;
				SWIFT_OPTIMIZATION_LEVEL = "-Onone";
			};
			name = Debug;
		};
		C54CB27124AB16F600A103D6 /* Release */ = {
			isa = XCBuildConfiguration;
			buildSettings = {
				ALWAYS_SEARCH_USER_PATHS = NO;
				CLANG_ANALYZER_NONNULL = YES;
				CLANG_ANALYZER_NUMBER_OBJECT_CONVERSION = YES_AGGRESSIVE;
				CLANG_CXX_LANGUAGE_STANDARD = "gnu++14";
				CLANG_CXX_LIBRARY = "libc++";
				CLANG_ENABLE_MODULES = YES;
				CLANG_ENABLE_OBJC_ARC = YES;
				CLANG_ENABLE_OBJC_WEAK = YES;
				CLANG_WARN_BLOCK_CAPTURE_AUTORELEASING = YES;
				CLANG_WARN_BOOL_CONVERSION = YES;
				CLANG_WARN_COMMA = YES;
				CLANG_WARN_CONSTANT_CONVERSION = YES;
				CLANG_WARN_DEPRECATED_OBJC_IMPLEMENTATIONS = YES;
				CLANG_WARN_DIRECT_OBJC_ISA_USAGE = YES_ERROR;
				CLANG_WARN_DOCUMENTATION_COMMENTS = YES;
				CLANG_WARN_EMPTY_BODY = YES;
				CLANG_WARN_ENUM_CONVERSION = YES;
				CLANG_WARN_INFINITE_RECURSION = YES;
				CLANG_WARN_INT_CONVERSION = YES;
				CLANG_WARN_NON_LITERAL_NULL_CONVERSION = YES;
				CLANG_WARN_OBJC_IMPLICIT_RETAIN_SELF = YES;
				CLANG_WARN_OBJC_LITERAL_CONVERSION = YES;
				CLANG_WARN_OBJC_ROOT_CLASS = YES_ERROR;
				CLANG_WARN_RANGE_LOOP_ANALYSIS = YES;
				CLANG_WARN_STRICT_PROTOTYPES = YES;
				CLANG_WARN_SUSPICIOUS_MOVE = YES;
				CLANG_WARN_UNGUARDED_AVAILABILITY = YES_AGGRESSIVE;
				CLANG_WARN_UNREACHABLE_CODE = YES;
				CLANG_WARN__DUPLICATE_METHOD_MATCH = YES;
				COPY_PHASE_STRIP = NO;
				DEBUG_INFORMATION_FORMAT = "dwarf-with-dsym";
				ENABLE_NS_ASSERTIONS = NO;
				ENABLE_STRICT_OBJC_MSGSEND = YES;
				GCC_C_LANGUAGE_STANDARD = gnu11;
				GCC_NO_COMMON_BLOCKS = YES;
				GCC_WARN_64_TO_32_BIT_CONVERSION = YES;
				GCC_WARN_ABOUT_RETURN_TYPE = YES_ERROR;
				GCC_WARN_UNDECLARED_SELECTOR = YES;
				GCC_WARN_UNINITIALIZED_AUTOS = YES_AGGRESSIVE;
				GCC_WARN_UNUSED_FUNCTION = YES;
				GCC_WARN_UNUSED_VARIABLE = YES;
				IPHONEOS_DEPLOYMENT_TARGET = 13.5;
				MTL_ENABLE_DEBUG_INFO = NO;
				MTL_FAST_MATH = YES;
				SDKROOT = iphoneos;
				SWIFT_COMPILATION_MODE = wholemodule;
				SWIFT_OPTIMIZATION_LEVEL = "-O";
				VALIDATE_PRODUCT = YES;
			};
			name = Release;
		};
		C54CB27324AB16F600A103D6 /* Debug */ = {
			isa = XCBuildConfiguration;
			buildSettings = {
				ASSETCATALOG_COMPILER_APPICON_NAME = AppIcon;
				CODE_SIGN_STYLE = Automatic;
				DEVELOPMENT_TEAM = 9F8X38Z77H;
				INFOPLIST_FILE = Cocktail_test_project/Info.plist;
				LD_RUNPATH_SEARCH_PATHS = (
					"$(inherited)",
					"@executable_path/Frameworks",
				);
				PRODUCT_BUNDLE_IDENTIFIER = "Cocktail-test1.example.Cocktail-test-project";
				PRODUCT_NAME = "$(TARGET_NAME)";
				SWIFT_VERSION = 5.0;
				TARGETED_DEVICE_FAMILY = "1,2";
			};
			name = Debug;
		};
		C54CB27424AB16F600A103D6 /* Release */ = {
			isa = XCBuildConfiguration;
			buildSettings = {
				ASSETCATALOG_COMPILER_APPICON_NAME = AppIcon;
				CODE_SIGN_STYLE = Automatic;
				DEVELOPMENT_TEAM = 9F8X38Z77H;
				INFOPLIST_FILE = Cocktail_test_project/Info.plist;
				LD_RUNPATH_SEARCH_PATHS = (
					"$(inherited)",
					"@executable_path/Frameworks",
				);
				PRODUCT_BUNDLE_IDENTIFIER = "Cocktail-test1.example.Cocktail-test-project";
				PRODUCT_NAME = "$(TARGET_NAME)";
				SWIFT_VERSION = 5.0;
				TARGETED_DEVICE_FAMILY = "1,2";
			};
			name = Release;
		};
/* End XCBuildConfiguration section */

/* Begin XCConfigurationList section */
		C54CB25924AB16F400A103D6 /* Build configuration list for PBXProject "Cocktail_test_project" */ = {
			isa = XCConfigurationList;
			buildConfigurations = (
				C54CB27024AB16F600A103D6 /* Debug */,
				C54CB27124AB16F600A103D6 /* Release */,
			);
			defaultConfigurationIsVisible = 0;
			defaultConfigurationName = Release;
		};
		C54CB27224AB16F600A103D6 /* Build configuration list for PBXNativeTarget "Cocktail_test_project" */ = {
			isa = XCConfigurationList;
			buildConfigurations = (
				C54CB27324AB16F600A103D6 /* Debug */,
				C54CB27424AB16F600A103D6 /* Release */,
			);
			defaultConfigurationIsVisible = 0;
			defaultConfigurationName = Release;
		};
/* End XCConfigurationList section */
	};
	rootObject = C54CB25624AB16F400A103D6 /* Project object */;
}
